
Microsoft Visual Studio Solution File, Format Version 12.00
# Visual Studio 15
VisualStudioVersion = 15.0.27004.2002
MinimumVisualStudioVersion = 10.0.40219.1
Project("{8BC9CEB8-8B4A-11D0-8D11-00A0C91BC942}") = "Zad1", "Zad1\ConsoleApplication1.vcxproj", "{B2296EC8-7CCA-4F84-A57B-D9D1BF8639A8}"
EndProject
Project("{8BC9CEB8-8B4A-11D0-8D11-00A0C91BC942}") = "Zad2", "Zad2\Zad2.c.vcxproj", "{46B330AA-A00A-44A2-AC61-0056E0281C0D}"
EndProject
Project("{8BC9CEB8-8B4A-11D0-8D11-00A0C91BC942}") = "Zad3", "Zad3\Zad3.vcxproj", "{4EE74E9C-BA6C-42A4-8F03-9F92F9ED4620}"
EndProject
Project("{8BC9CEB8-8B4A-11D0-8D11-00A0C91BC942}") = "Zad4", "Zad4\Zad4.vcxproj", "{8F9914F5-3C0D-4187-BFDE-C2E36DB80659}"
EndProject
Project("{8BC9CEB8-8B4A-11D0-8D11-00A0C91BC942}") = "NZad5-6", "Zad5\Zad5.vcxproj", "{148B8DE3-0179-4A65-8260-012FA4E03452}"
EndProject
Project("{8BC9CEB8-8B4A-11D0-8D11-00A0C91BC942}") = "Zad7", "Zad7\Zad7.vcxproj", "{6CE42471-AFD7-413B-A760-3F5C27815B12}"
EndProject
Project("{8BC9CEB8-8B4A-11D0-8D11-00A0C91BC942}") = "Zad12", "Zad11\Zad11.vcxproj", "{648C62AB-307B-46E8-8568-18FD44633BDE}"
EndProject
Project("{8BC9CEB8-8B4A-11D0-8D11-00A0C91BC942}") = "Zad13", "Zad13\Zad13.vcxproj", "{46A4D905-468A-45DA-B657-4F84FBF2810D}"
EndProject
Project("{8BC9CEB8-8B4A-11D0-8D11-00A0C91BC942}") = "Zad14", "Zad14\Zad14.vcxproj", "{5A5B321C-A5EE-4FF8-B0D3-E4B90581D637}"
EndProject
Project("{8BC9CEB8-8B4A-11D0-8D11-00A0C91BC942}") = "Zad15", "Zad15\Zad15.vcxproj", "{40FF1F53-80A9-4A7D-A7F1-AD493248A1F9}"
EndProject
Project("{8BC9CEB8-8B4A-11D0-8D11-00A0C91BC942}") = "Zad16", "Zad16\Zad16.vcxproj", "{38056AC7-865C-4742-8EA4-28032284DC24}"
EndProject
Project("{8BC9CEB8-8B4A-11D0-8D11-00A0C91BC942}") = "Zad8", "Zad8\Zad8.vcxproj", "{B07C3B7D-26FA-4CC8-B19F-5AEBE57A877D}"
EndProject
Project("{8BC9CEB8-8B4A-11D0-8D11-00A0C91BC942}") = "Zad9", "Zad9\Zad9.vcxproj", "{AAD86D9B-1C98-4FB5-A56C-AE1A5A4E3C17}"
EndProject
Project("{8BC9CEB8-8B4A-11D0-8D11-00A0C91BC942}") = "Zad10", "Zad10\Zad10.vcxproj", "{D84991C9-B5B4-4226-AE92-5F0A9BD4AD24}"
EndProject
Project("{8BC9CEB8-8B4A-11D0-8D11-00A0C91BC942}") = "Zad17", "Zad17\Zad17.vcxproj", "{FC251D65-353A-4B21-B30B-8A5A8D0631AE}"
EndProject
Global
	GlobalSection(SolutionConfigurationPlatforms) = preSolution
		Debug|x64 = Debug|x64
		Debug|x86 = Debug|x86
		Release|x64 = Release|x64
		Release|x86 = Release|x86
	EndGlobalSection
	GlobalSection(ProjectConfigurationPlatforms) = postSolution
		{B2296EC8-7CCA-4F84-A57B-D9D1BF8639A8}.Debug|x64.ActiveCfg = Debug|x64
		{B2296EC8-7CCA-4F84-A57B-D9D1BF8639A8}.Debug|x64.Build.0 = Debug|x64
		{B2296EC8-7CCA-4F84-A57B-D9D1BF8639A8}.Debug|x86.ActiveCfg = Debug|Win32
		{B2296EC8-7CCA-4F84-A57B-D9D1BF8639A8}.Debug|x86.Build.0 = Debug|Win32
		{B2296EC8-7CCA-4F84-A57B-D9D1BF8639A8}.Release|x64.ActiveCfg = Release|x64
		{B2296EC8-7CCA-4F84-A57B-D9D1BF8639A8}.Release|x64.Build.0 = Release|x64
		{B2296EC8-7CCA-4F84-A57B-D9D1BF8639A8}.Release|x86.ActiveCfg = Debug|Win32
		{B2296EC8-7CCA-4F84-A57B-D9D1BF8639A8}.Release|x86.Build.0 = Debug|Win32
		{46B330AA-A00A-44A2-AC61-0056E0281C0D}.Debug|x64.ActiveCfg = Debug|x64
		{46B330AA-A00A-44A2-AC61-0056E0281C0D}.Debug|x64.Build.0 = Debug|x64
		{46B330AA-A00A-44A2-AC61-0056E0281C0D}.Debug|x86.ActiveCfg = Debug|Win32
		{46B330AA-A00A-44A2-AC61-0056E0281C0D}.Debug|x86.Build.0 = Debug|Win32
		{46B330AA-A00A-44A2-AC61-0056E0281C0D}.Release|x64.ActiveCfg = Release|x64
		{46B330AA-A00A-44A2-AC61-0056E0281C0D}.Release|x64.Build.0 = Release|x64
		{46B330AA-A00A-44A2-AC61-0056E0281C0D}.Release|x86.ActiveCfg = Debug|Win32
		{46B330AA-A00A-44A2-AC61-0056E0281C0D}.Release|x86.Build.0 = Debug|Win32
		{4EE74E9C-BA6C-42A4-8F03-9F92F9ED4620}.Debug|x64.ActiveCfg = Debug|x64
		{4EE74E9C-BA6C-42A4-8F03-9F92F9ED4620}.Debug|x64.Build.0 = Debug|x64
		{4EE74E9C-BA6C-42A4-8F03-9F92F9ED4620}.Debug|x86.ActiveCfg = Debug|Win32
		{4EE74E9C-BA6C-42A4-8F03-9F92F9ED4620}.Debug|x86.Build.0 = Debug|Win32
		{4EE74E9C-BA6C-42A4-8F03-9F92F9ED4620}.Release|x64.ActiveCfg = Release|x64
		{4EE74E9C-BA6C-42A4-8F03-9F92F9ED4620}.Release|x64.Build.0 = Release|x64
		{4EE74E9C-BA6C-42A4-8F03-9F92F9ED4620}.Release|x86.ActiveCfg = Debug|Win32
		{4EE74E9C-BA6C-42A4-8F03-9F92F9ED4620}.Release|x86.Build.0 = Debug|Win32
		{8F9914F5-3C0D-4187-BFDE-C2E36DB80659}.Debug|x64.ActiveCfg = Debug|x64
		{8F9914F5-3C0D-4187-BFDE-C2E36DB80659}.Debug|x64.Build.0 = Debug|x64
		{8F9914F5-3C0D-4187-BFDE-C2E36DB80659}.Debug|x86.ActiveCfg = Debug|Win32
		{8F9914F5-3C0D-4187-BFDE-C2E36DB80659}.Debug|x86.Build.0 = Debug|Win32
		{8F9914F5-3C0D-4187-BFDE-C2E36DB80659}.Release|x64.ActiveCfg = Release|x64
		{8F9914F5-3C0D-4187-BFDE-C2E36DB80659}.Release|x64.Build.0 = Release|x64
		{8F9914F5-3C0D-4187-BFDE-C2E36DB80659}.Release|x86.ActiveCfg = Debug|Win32
		{8F9914F5-3C0D-4187-BFDE-C2E36DB80659}.Release|x86.Build.0 = Debug|Win32
		{148B8DE3-0179-4A65-8260-012FA4E03452}.Debug|x64.ActiveCfg = Debug|x64
		{148B8DE3-0179-4A65-8260-012FA4E03452}.Debug|x64.Build.0 = Debug|x64
		{148B8DE3-0179-4A65-8260-012FA4E03452}.Debug|x86.ActiveCfg = Debug|Win32
		{148B8DE3-0179-4A65-8260-012FA4E03452}.Debug|x86.Build.0 = Debug|Win32
		{148B8DE3-0179-4A65-8260-012FA4E03452}.Release|x64.ActiveCfg = Release|x64
		{148B8DE3-0179-4A65-8260-012FA4E03452}.Release|x64.Build.0 = Release|x64
		{148B8DE3-0179-4A65-8260-012FA4E03452}.Release|x86.ActiveCfg = Debug|Win32
		{148B8DE3-0179-4A65-8260-012FA4E03452}.Release|x86.Build.0 = Debug|Win32
		{6CE42471-AFD7-413B-A760-3F5C27815B12}.Debug|x64.ActiveCfg = Debug|x64
		{6CE42471-AFD7-413B-A760-3F5C27815B12}.Debug|x64.Build.0 = Debug|x64
		{6CE42471-AFD7-413B-A760-3F5C27815B12}.Debug|x86.ActiveCfg = Debug|Win32
		{6CE42471-AFD7-413B-A760-3F5C27815B12}.Debug|x86.Build.0 = Debug|Win32
		{6CE42471-AFD7-413B-A760-3F5C27815B12}.Release|x64.ActiveCfg = Release|x64
		{6CE42471-AFD7-413B-A760-3F5C27815B12}.Release|x64.Build.0 = Release|x64
		{6CE42471-AFD7-413B-A760-3F5C27815B12}.Release|x86.ActiveCfg = Debug|Win32
		{6CE42471-AFD7-413B-A760-3F5C27815B12}.Release|x86.Build.0 = Debug|Win32
		{648C62AB-307B-46E8-8568-18FD44633BDE}.Debug|x64.ActiveCfg = Debug|x64
		{648C62AB-307B-46E8-8568-18FD44633BDE}.Debug|x64.Build.0 = Debug|x64
		{648C62AB-307B-46E8-8568-18FD44633BDE}.Debug|x86.ActiveCfg = Debug|Win32
		{648C62AB-307B-46E8-8568-18FD44633BDE}.Debug|x86.Build.0 = Debug|Win32
		{648C62AB-307B-46E8-8568-18FD44633BDE}.Release|x64.ActiveCfg = Release|x64
		{648C62AB-307B-46E8-8568-18FD44633BDE}.Release|x64.Build.0 = Release|x64
		{648C62AB-307B-46E8-8568-18FD44633BDE}.Release|x86.ActiveCfg = Debug|Win32
		{648C62AB-307B-46E8-8568-18FD44633BDE}.Release|x86.Build.0 = Debug|Win32
		{46A4D905-468A-45DA-B657-4F84FBF2810D}.Debug|x64.ActiveCfg = Debug|x64
		{46A4D905-468A-45DA-B657-4F84FBF2810D}.Debug|x64.Build.0 = Debug|x64
		{46A4D905-468A-45DA-B657-4F84FBF2810D}.Debug|x86.ActiveCfg = Debug|Win32
		{46A4D905-468A-45DA-B657-4F84FBF2810D}.Debug|x86.Build.0 = Debug|Win32
		{46A4D905-468A-45DA-B657-4F84FBF2810D}.Release|x64.ActiveCfg = Release|x64
		{46A4D905-468A-45DA-B657-4F84FBF2810D}.Release|x64.Build.0 = Release|x64
		{46A4D905-468A-45DA-B657-4F84FBF2810D}.Release|x86.ActiveCfg = Debug|Win32
		{46A4D905-468A-45DA-B657-4F84FBF2810D}.Release|x86.Build.0 = Debug|Win32
		{5A5B321C-A5EE-4FF8-B0D3-E4B90581D637}.Debug|x64.ActiveCfg = Debug|x64
		{5A5B321C-A5EE-4FF8-B0D3-E4B90581D637}.Debug|x64.Build.0 = Debug|x64
		{5A5B321C-A5EE-4FF8-B0D3-E4B90581D637}.Debug|x86.ActiveCfg = Debug|Win32
		{5A5B321C-A5EE-4FF8-B0D3-E4B90581D637}.Debug|x86.Build.0 = Debug|Win32
		{5A5B321C-A5EE-4FF8-B0D3-E4B90581D637}.Release|x64.ActiveCfg = Release|x64
		{5A5B321C-A5EE-4FF8-B0D3-E4B90581D637}.Release|x64.Build.0 = Release|x64
		{5A5B321C-A5EE-4FF8-B0D3-E4B90581D637}.Release|x86.ActiveCfg = Debug|Win32
		{5A5B321C-A5EE-4FF8-B0D3-E4B90581D637}.Release|x86.Build.0 = Debug|Win32
		{40FF1F53-80A9-4A7D-A7F1-AD493248A1F9}.Debug|x64.ActiveCfg = Debug|x64
		{40FF1F53-80A9-4A7D-A7F1-AD493248A1F9}.Debug|x64.Build.0 = Debug|x64
		{40FF1F53-80A9-4A7D-A7F1-AD493248A1F9}.Debug|x86.ActiveCfg = Debug|Win32
		{40FF1F53-80A9-4A7D-A7F1-AD493248A1F9}.Debug|x86.Build.0 = Debug|Win32
		{40FF1F53-80A9-4A7D-A7F1-AD493248A1F9}.Release|x64.ActiveCfg = Release|x64
		{40FF1F53-80A9-4A7D-A7F1-AD493248A1F9}.Release|x64.Build.0 = Release|x64
		{40FF1F53-80A9-4A7D-A7F1-AD493248A1F9}.Release|x86.ActiveCfg = Release|Win32
		{40FF1F53-80A9-4A7D-A7F1-AD493248A1F9}.Release|x86.Build.0 = Release|Win32
		{38056AC7-865C-4742-8EA4-28032284DC24}.Debug|x64.ActiveCfg = Debug|x64
		{38056AC7-865C-4742-8EA4-28032284DC24}.Debug|x64.Build.0 = Debug|x64
		{38056AC7-865C-4742-8EA4-28032284DC24}.Debug|x86.ActiveCfg = Debug|Win32
		{38056AC7-865C-4742-8EA4-28032284DC24}.Debug|x86.Build.0 = Debug|Win32
		{38056AC7-865C-4742-8EA4-28032284DC24}.Release|x64.ActiveCfg = Release|x64
		{38056AC7-865C-4742-8EA4-28032284DC24}.Release|x64.Build.0 = Release|x64
		{38056AC7-865C-4742-8EA4-28032284DC24}.Release|x86.ActiveCfg = Release|Win32
		{38056AC7-865C-4742-8EA4-28032284DC24}.Release|x86.Build.0 = Release|Win32
		{B07C3B7D-26FA-4CC8-B19F-5AEBE57A877D}.Debug|x64.ActiveCfg = Debug|x64
		{B07C3B7D-26FA-4CC8-B19F-5AEBE57A877D}.Debug|x64.Build.0 = Debug|x64
		{B07C3B7D-26FA-4CC8-B19F-5AEBE57A877D}.Debug|x86.ActiveCfg = Debug|Win32
		{B07C3B7D-26FA-4CC8-B19F-5AEBE57A877D}.Debug|x86.Build.0 = Debug|Win32
		{B07C3B7D-26FA-4CC8-B19F-5AEBE57A877D}.Release|x64.ActiveCfg = Release|x64
		{B07C3B7D-26FA-4CC8-B19F-5AEBE57A877D}.Release|x64.Build.0 = Release|x64
		{B07C3B7D-26FA-4CC8-B19F-5AEBE57A877D}.Release|x86.ActiveCfg = Release|Win32
		{B07C3B7D-26FA-4CC8-B19F-5AEBE57A877D}.Release|x86.Build.0 = Release|Win32
		{AAD86D9B-1C98-4FB5-A56C-AE1A5A4E3C17}.Debug|x64.ActiveCfg = Debug|x64
		{AAD86D9B-1C98-4FB5-A56C-AE1A5A4E3C17}.Debug|x64.Build.0 = Debug|x64
		{AAD86D9B-1C98-4FB5-A56C-AE1A5A4E3C17}.Debug|x86.ActiveCfg = Debug|Win32
		{AAD86D9B-1C98-4FB5-A56C-AE1A5A4E3C17}.Debug|x86.Build.0 = Debug|Win32
		{AAD86D9B-1C98-4FB5-A56C-AE1A5A4E3C17}.Release|x64.ActiveCfg = Release|x64
		{AAD86D9B-1C98-4FB5-A56C-AE1A5A4E3C17}.Release|x64.Build.0 = Release|x64
		{AAD86D9B-1C98-4FB5-A56C-AE1A5A4E3C17}.Release|x86.ActiveCfg = Release|Win32
		{AAD86D9B-1C98-4FB5-A56C-AE1A5A4E3C17}.Release|x86.Build.0 = Release|Win32
		{D84991C9-B5B4-4226-AE92-5F0A9BD4AD24}.Debug|x64.ActiveCfg = Debug|x64
		{D84991C9-B5B4-4226-AE92-5F0A9BD4AD24}.Debug|x64.Build.0 = Debug|x64
		{D84991C9-B5B4-4226-AE92-5F0A9BD4AD24}.Debug|x86.ActiveCfg = Debug|Win32
		{D84991C9-B5B4-4226-AE92-5F0A9BD4AD24}.Debug|x86.Build.0 = Debug|Win32
		{D84991C9-B5B4-4226-AE92-5F0A9BD4AD24}.Release|x64.ActiveCfg = Release|x64
		{D84991C9-B5B4-4226-AE92-5F0A9BD4AD24}.Release|x64.Build.0 = Release|x64
		{D84991C9-B5B4-4226-AE92-5F0A9BD4AD24}.Release|x86.ActiveCfg = Release|Win32
		{D84991C9-B5B4-4226-AE92-5F0A9BD4AD24}.Release|x86.Build.0 = Release|Win32
		{FC251D65-353A-4B21-B30B-8A5A8D0631AE}.Debug|x64.ActiveCfg = Debug|x64
		{FC251D65-353A-4B21-B30B-8A5A8D0631AE}.Debug|x64.Build.0 = Debug|x64
		{FC251D65-353A-4B21-B30B-8A5A8D0631AE}.Debug|x86.ActiveCfg = Debug|Win32
		{FC251D65-353A-4B21-B30B-8A5A8D0631AE}.Debug|x86.Build.0 = Debug|Win32
		{FC251D65-353A-4B21-B30B-8A5A8D0631AE}.Release|x64.ActiveCfg = Release|x64
		{FC251D65-353A-4B21-B30B-8A5A8D0631AE}.Release|x64.Build.0 = Release|x64
		{FC251D65-353A-4B21-B30B-8A5A8D0631AE}.Release|x86.ActiveCfg = Release|Win32
		{FC251D65-353A-4B21-B30B-8A5A8D0631AE}.Release|x86.Build.0 = Release|Win32
	EndGlobalSection
	GlobalSection(SolutionProperties) = preSolution
		HideSolutionNode = FALSE
	EndGlobalSection
	GlobalSection(ExtensibilityGlobals) = postSolution
		SolutionGuid = {A6F131B4-2CA4-4F86-AD52-060C77748B9D}
	EndGlobalSection
EndGlobal
