
Microsoft Visual Studio Solution File, Format Version 12.00
# Visual Studio 15
VisualStudioVersion = 15.0.27004.2002
MinimumVisualStudioVersion = 10.0.40219.1
Project("{8BC9CEB8-8B4A-11D0-8D11-00A0C91BC942}") = "Zad1", "Zad1\ConsoleApplication1.vcxproj", "{B2296EC8-7CCA-4F84-A57B-D9D1BF8639A8}"
EndProject
Project("{8BC9CEB8-8B4A-11D0-8D11-00A0C91BC942}") = "Zad2", "Zad2\Zad2.c.vcxproj", "{46B330AA-A00A-44A2-AC61-0056E0281C0D}"
EndProject
Project("{8BC9CEB8-8B4A-11D0-8D11-00A0C91BC942}") = "Zad3", "Zad3\Zad3.vcxproj", "{4EE74E9C-BA6C-42A4-8F03-9F92F9ED4620}"
EndProject
Project("{8BC9CEB8-8B4A-11D0-8D11-00A0C91BC942}") = "Zad4", "Zad4\Zad4.vcxproj", "{8F9914F5-3C0D-4187-BFDE-C2E36DB80659}"
EndProject
Project("{8BC9CEB8-8B4A-11D0-8D11-00A0C91BC942}") = "Zad5-6", "Zad5\Zad5.vcxproj", "{148B8DE3-0179-4A65-8260-012FA4E03452}"
EndProject
Project("{8BC9CEB8-8B4A-11D0-8D11-00A0C91BC942}") = "Zad7", "Zad7\Zad7.vcxproj", "{6CE42471-AFD7-413B-A760-3F5C27815B12}"
EndProject
Project("{8BC9CEB8-8B4A-11D0-8D11-00A0C91BC942}") = "Zad12", "Zad11\Zad11.vcxproj", "{648C62AB-307B-46E8-8568-18FD44633BDE}"
EndProject
Project("{8BC9CEB8-8B4A-11D0-8D11-00A0C91BC942}") = "Zad13", "Zad13\Zad13.vcxproj", "{46A4D905-468A-45DA-B657-4F84FBF2810D}"
EndProject
Project("{8BC9CEB8-8B4A-11D0-8D11-00A0C91BC942}") = "Zad14", "Zad14\Zad14.vcxproj", "{5A5B321C-A5EE-4FF8-B0D3-E4B90581D637}"
EndProject
Project("{8BC9CEB8-8B4A-11D0-8D11-00A0C91BC942}") = "Zad15", "Zad15\Zad15.vcxproj", "{40FF1F53-80A9-4A7D-A7F1-AD493248A1F9}"
EndProject
Project("{8BC9CEB8-8B4A-11D0-8D11-00A0C91BC942}") = "Zad16", "Zad16\Zad16.vcxproj", "{38056AC7-865C-4742-8EA4-28032284DC24}"
EndProject
Project("{8BC9CEB8-8B4A-11D0-8D11-00A0C91BC942}") = "Zad8", "Zad8\Zad8.vcxproj", "{B07C3B7D-26FA-4CC8-B19F-5AEBE57A877D}"
EndProject
Project("{8BC9CEB8-8B4A-11D0-8D11-00A0C91BC942}") = "Zad9", "Zad9\Zad9.vcxproj", "{AAD86D9B-1C98-4FB5-A56C-AE1A5A4E3C17}"
EndProject
Project("{8BC9CEB8-8B4A-11D0-8D11-00A0C91BC942}") = "Zad10", "Zad10\Zad10.vcxproj", "{D84991C9-B5B4-4226-AE92-5F0A9BD4AD24}"
EndProject
Project("{8BC9CEB8-8B4A-11D0-8D11-00A0C91BC942}") = "Zad17", "Zad17\Zad17.vcxproj", "{FC251D65-353A-4B21-B30B-8A5A8D0631AE}"
EndProject
Project("{8BC9CEB8-8B4A-11D0-8D11-00A0C91BC942}") = "Zad18", "Zad18\Zad18.vcxproj", "{EA9038B5-C16B-4653-9189-6E8F2131C543}"
EndProject
Project("{8BC9CEB8-8B4A-11D0-8D11-00A0C91BC942}") = "Zad19", "Zad19\Zad19.vcxproj", "{0276B386-8F6B-4A17-AB26-96BB6CD0749A}"
EndProject
Project("{8BC9CEB8-8B4A-11D0-8D11-00A0C91BC942}") = "Zad20", "Zad20\Zad20.vcxproj", "{B1F8DC15-46F6-4C9B-A9D1-6866EC738B6B}"
EndProject
Project("{8BC9CEB8-8B4A-11D0-8D11-00A0C91BC942}") = "Zad21", "Zad21\Zad21.vcxproj", "{A436AD09-D2F5-4FC5-B111-40EB0657EEB4}"
EndProject
Project("{8BC9CEB8-8B4A-11D0-8D11-00A0C91BC942}") = "Zad2.3", "Zad2.3\Zad2.3.vcxproj", "{4BF2C271-AD0C-4AA4-8F41-ADCA3CA27F6E}"
EndProject
Project("{8BC9CEB8-8B4A-11D0-8D11-00A0C91BC942}") = "Zad2.4", "Zad2.4\Zad2.4.vcxproj", "{BC39E4D9-DA15-458A-ACD3-082B740C77FF}"
EndProject
Project("{8BC9CEB8-8B4A-11D0-8D11-00A0C91BC942}") = "Zad2.5", "Zad2.5\Zad2.5.vcxproj", "{83BBA6F3-7C28-4562-8D00-D2A8CFF7E66D}"
EndProject
Project("{8BC9CEB8-8B4A-11D0-8D11-00A0C91BC942}") = "Zad2.6", "Zad2.6\Zad2.6.vcxproj", "{C41D6116-7E78-4C2A-86C9-7381BCEB2935}"
EndProject
Project("{8BC9CEB8-8B4A-11D0-8D11-00A0C91BC942}") = "Zad2.7", "Zad2.7\Zad2.7.vcxproj", "{81B40798-95BB-4551-8D90-4E75D3C74ED1}"
EndProject
Project("{8BC9CEB8-8B4A-11D0-8D11-00A0C91BC942}") = "Zad2.8", "Zad2.8\Zad2.8.vcxproj", "{3FBFE3C3-8A87-4BEA-860F-E7D7FA0E7056}"
EndProject
Project("{8BC9CEB8-8B4A-11D0-8D11-00A0C91BC942}") = "Zad2.9", "Zad2.9\Zad2.9.vcxproj", "{03239B4E-F50B-46D8-A381-9F28A5BB112B}"
EndProject
Project("{8BC9CEB8-8B4A-11D0-8D11-00A0C91BC942}") = "Zad2.10a", "Zad2.10a\Zad2.10a.vcxproj", "{4C16A69F-EFB6-4B40-977F-CDCE9173D788}"
EndProject
Project("{8BC9CEB8-8B4A-11D0-8D11-00A0C91BC942}") = "Zad2.11", "Zad2.11\Zad2.11.vcxproj", "{2F34A89C-85C4-4C9E-A11C-DD1971D8F043}"
EndProject
Global
	GlobalSection(SolutionConfigurationPlatforms) = preSolution
		Debug|Any CPU = Debug|Any CPU
		Debug|x64 = Debug|x64
		Debug|x86 = Debug|x86
		Release|Any CPU = Release|Any CPU
		Release|x64 = Release|x64
		Release|x86 = Release|x86
	EndGlobalSection
	GlobalSection(ProjectConfigurationPlatforms) = postSolution
		{B2296EC8-7CCA-4F84-A57B-D9D1BF8639A8}.Debug|Any CPU.ActiveCfg = Debug|Win32
		{B2296EC8-7CCA-4F84-A57B-D9D1BF8639A8}.Debug|x64.ActiveCfg = Debug|x64
		{B2296EC8-7CCA-4F84-A57B-D9D1BF8639A8}.Debug|x64.Build.0 = Debug|x64
		{B2296EC8-7CCA-4F84-A57B-D9D1BF8639A8}.Debug|x86.ActiveCfg = Debug|Win32
		{B2296EC8-7CCA-4F84-A57B-D9D1BF8639A8}.Debug|x86.Build.0 = Debug|Win32
		{B2296EC8-7CCA-4F84-A57B-D9D1BF8639A8}.Release|Any CPU.ActiveCfg = Release|Win32
		{B2296EC8-7CCA-4F84-A57B-D9D1BF8639A8}.Release|x64.ActiveCfg = Release|x64
		{B2296EC8-7CCA-4F84-A57B-D9D1BF8639A8}.Release|x64.Build.0 = Release|x64
		{B2296EC8-7CCA-4F84-A57B-D9D1BF8639A8}.Release|x86.ActiveCfg = Debug|Win32
		{B2296EC8-7CCA-4F84-A57B-D9D1BF8639A8}.Release|x86.Build.0 = Debug|Win32
		{46B330AA-A00A-44A2-AC61-0056E0281C0D}.Debug|Any CPU.ActiveCfg = Debug|Win32
		{46B330AA-A00A-44A2-AC61-0056E0281C0D}.Debug|x64.ActiveCfg = Debug|x64
		{46B330AA-A00A-44A2-AC61-0056E0281C0D}.Debug|x64.Build.0 = Debug|x64
		{46B330AA-A00A-44A2-AC61-0056E0281C0D}.Debug|x86.ActiveCfg = Debug|Win32
		{46B330AA-A00A-44A2-AC61-0056E0281C0D}.Debug|x86.Build.0 = Debug|Win32
		{46B330AA-A00A-44A2-AC61-0056E0281C0D}.Release|Any CPU.ActiveCfg = Release|Win32
		{46B330AA-A00A-44A2-AC61-0056E0281C0D}.Release|x64.ActiveCfg = Release|x64
		{46B330AA-A00A-44A2-AC61-0056E0281C0D}.Release|x64.Build.0 = Release|x64
		{46B330AA-A00A-44A2-AC61-0056E0281C0D}.Release|x86.ActiveCfg = Debug|Win32
		{46B330AA-A00A-44A2-AC61-0056E0281C0D}.Release|x86.Build.0 = Debug|Win32
		{4EE74E9C-BA6C-42A4-8F03-9F92F9ED4620}.Debug|Any CPU.ActiveCfg = Debug|Win32
		{4EE74E9C-BA6C-42A4-8F03-9F92F9ED4620}.Debug|x64.ActiveCfg = Debug|x64
		{4EE74E9C-BA6C-42A4-8F03-9F92F9ED4620}.Debug|x64.Build.0 = Debug|x64
		{4EE74E9C-BA6C-42A4-8F03-9F92F9ED4620}.Debug|x86.ActiveCfg = Debug|Win32
		{4EE74E9C-BA6C-42A4-8F03-9F92F9ED4620}.Debug|x86.Build.0 = Debug|Win32
		{4EE74E9C-BA6C-42A4-8F03-9F92F9ED4620}.Release|Any CPU.ActiveCfg = Release|Win32
		{4EE74E9C-BA6C-42A4-8F03-9F92F9ED4620}.Release|x64.ActiveCfg = Release|x64
		{4EE74E9C-BA6C-42A4-8F03-9F92F9ED4620}.Release|x64.Build.0 = Release|x64
		{4EE74E9C-BA6C-42A4-8F03-9F92F9ED4620}.Release|x86.ActiveCfg = Debug|Win32
		{4EE74E9C-BA6C-42A4-8F03-9F92F9ED4620}.Release|x86.Build.0 = Debug|Win32
		{8F9914F5-3C0D-4187-BFDE-C2E36DB80659}.Debug|Any CPU.ActiveCfg = Debug|Win32
		{8F9914F5-3C0D-4187-BFDE-C2E36DB80659}.Debug|x64.ActiveCfg = Debug|x64
		{8F9914F5-3C0D-4187-BFDE-C2E36DB80659}.Debug|x64.Build.0 = Debug|x64
		{8F9914F5-3C0D-4187-BFDE-C2E36DB80659}.Debug|x86.ActiveCfg = Debug|Win32
		{8F9914F5-3C0D-4187-BFDE-C2E36DB80659}.Debug|x86.Build.0 = Debug|Win32
		{8F9914F5-3C0D-4187-BFDE-C2E36DB80659}.Release|Any CPU.ActiveCfg = Release|Win32
		{8F9914F5-3C0D-4187-BFDE-C2E36DB80659}.Release|x64.ActiveCfg = Release|x64
		{8F9914F5-3C0D-4187-BFDE-C2E36DB80659}.Release|x64.Build.0 = Release|x64
		{8F9914F5-3C0D-4187-BFDE-C2E36DB80659}.Release|x86.ActiveCfg = Debug|Win32
		{8F9914F5-3C0D-4187-BFDE-C2E36DB80659}.Release|x86.Build.0 = Debug|Win32
		{148B8DE3-0179-4A65-8260-012FA4E03452}.Debug|Any CPU.ActiveCfg = Debug|Win32
		{148B8DE3-0179-4A65-8260-012FA4E03452}.Debug|x64.ActiveCfg = Debug|x64
		{148B8DE3-0179-4A65-8260-012FA4E03452}.Debug|x64.Build.0 = Debug|x64
		{148B8DE3-0179-4A65-8260-012FA4E03452}.Debug|x86.ActiveCfg = Debug|Win32
		{148B8DE3-0179-4A65-8260-012FA4E03452}.Debug|x86.Build.0 = Debug|Win32
		{148B8DE3-0179-4A65-8260-012FA4E03452}.Release|Any CPU.ActiveCfg = Release|Win32
		{148B8DE3-0179-4A65-8260-012FA4E03452}.Release|x64.ActiveCfg = Release|x64
		{148B8DE3-0179-4A65-8260-012FA4E03452}.Release|x64.Build.0 = Release|x64
		{148B8DE3-0179-4A65-8260-012FA4E03452}.Release|x86.ActiveCfg = Debug|Win32
		{148B8DE3-0179-4A65-8260-012FA4E03452}.Release|x86.Build.0 = Debug|Win32
		{6CE42471-AFD7-413B-A760-3F5C27815B12}.Debug|Any CPU.ActiveCfg = Debug|Win32
		{6CE42471-AFD7-413B-A760-3F5C27815B12}.Debug|x64.ActiveCfg = Debug|x64
		{6CE42471-AFD7-413B-A760-3F5C27815B12}.Debug|x64.Build.0 = Debug|x64
		{6CE42471-AFD7-413B-A760-3F5C27815B12}.Debug|x86.ActiveCfg = Debug|Win32
		{6CE42471-AFD7-413B-A760-3F5C27815B12}.Debug|x86.Build.0 = Debug|Win32
		{6CE42471-AFD7-413B-A760-3F5C27815B12}.Release|Any CPU.ActiveCfg = Release|Win32
		{6CE42471-AFD7-413B-A760-3F5C27815B12}.Release|x64.ActiveCfg = Release|x64
		{6CE42471-AFD7-413B-A760-3F5C27815B12}.Release|x64.Build.0 = Release|x64
		{6CE42471-AFD7-413B-A760-3F5C27815B12}.Release|x86.ActiveCfg = Debug|Win32
		{6CE42471-AFD7-413B-A760-3F5C27815B12}.Release|x86.Build.0 = Debug|Win32
		{648C62AB-307B-46E8-8568-18FD44633BDE}.Debug|Any CPU.ActiveCfg = Debug|Win32
		{648C62AB-307B-46E8-8568-18FD44633BDE}.Debug|x64.ActiveCfg = Debug|x64
		{648C62AB-307B-46E8-8568-18FD44633BDE}.Debug|x64.Build.0 = Debug|x64
		{648C62AB-307B-46E8-8568-18FD44633BDE}.Debug|x86.ActiveCfg = Debug|Win32
		{648C62AB-307B-46E8-8568-18FD44633BDE}.Debug|x86.Build.0 = Debug|Win32
		{648C62AB-307B-46E8-8568-18FD44633BDE}.Release|Any CPU.ActiveCfg = Release|x64
		{648C62AB-307B-46E8-8568-18FD44633BDE}.Release|x64.ActiveCfg = Release|x64
		{648C62AB-307B-46E8-8568-18FD44633BDE}.Release|x64.Build.0 = Release|x64
		{648C62AB-307B-46E8-8568-18FD44633BDE}.Release|x86.ActiveCfg = Debug|Win32
		{648C62AB-307B-46E8-8568-18FD44633BDE}.Release|x86.Build.0 = Debug|Win32
		{46A4D905-468A-45DA-B657-4F84FBF2810D}.Debug|Any CPU.ActiveCfg = Debug|Win32
		{46A4D905-468A-45DA-B657-4F84FBF2810D}.Debug|x64.ActiveCfg = Debug|x64
		{46A4D905-468A-45DA-B657-4F84FBF2810D}.Debug|x64.Build.0 = Debug|x64
		{46A4D905-468A-45DA-B657-4F84FBF2810D}.Debug|x86.ActiveCfg = Debug|Win32
		{46A4D905-468A-45DA-B657-4F84FBF2810D}.Debug|x86.Build.0 = Debug|Win32
		{46A4D905-468A-45DA-B657-4F84FBF2810D}.Release|Any CPU.ActiveCfg = Release|Win32
		{46A4D905-468A-45DA-B657-4F84FBF2810D}.Release|x64.ActiveCfg = Release|x64
		{46A4D905-468A-45DA-B657-4F84FBF2810D}.Release|x64.Build.0 = Release|x64
		{46A4D905-468A-45DA-B657-4F84FBF2810D}.Release|x86.ActiveCfg = Debug|Win32
		{46A4D905-468A-45DA-B657-4F84FBF2810D}.Release|x86.Build.0 = Debug|Win32
		{5A5B321C-A5EE-4FF8-B0D3-E4B90581D637}.Debug|Any CPU.ActiveCfg = Debug|Win32
		{5A5B321C-A5EE-4FF8-B0D3-E4B90581D637}.Debug|x64.ActiveCfg = Debug|x64
		{5A5B321C-A5EE-4FF8-B0D3-E4B90581D637}.Debug|x64.Build.0 = Debug|x64
		{5A5B321C-A5EE-4FF8-B0D3-E4B90581D637}.Debug|x86.ActiveCfg = Debug|Win32
		{5A5B321C-A5EE-4FF8-B0D3-E4B90581D637}.Debug|x86.Build.0 = Debug|Win32
		{5A5B321C-A5EE-4FF8-B0D3-E4B90581D637}.Release|Any CPU.ActiveCfg = Release|Win32
		{5A5B321C-A5EE-4FF8-B0D3-E4B90581D637}.Release|x64.ActiveCfg = Release|x64
		{5A5B321C-A5EE-4FF8-B0D3-E4B90581D637}.Release|x64.Build.0 = Release|x64
		{5A5B321C-A5EE-4FF8-B0D3-E4B90581D637}.Release|x86.ActiveCfg = Debug|Win32
		{5A5B321C-A5EE-4FF8-B0D3-E4B90581D637}.Release|x86.Build.0 = Debug|Win32
		{40FF1F53-80A9-4A7D-A7F1-AD493248A1F9}.Debug|Any CPU.ActiveCfg = Debug|Win32
		{40FF1F53-80A9-4A7D-A7F1-AD493248A1F9}.Debug|x64.ActiveCfg = Debug|x64
		{40FF1F53-80A9-4A7D-A7F1-AD493248A1F9}.Debug|x64.Build.0 = Debug|x64
		{40FF1F53-80A9-4A7D-A7F1-AD493248A1F9}.Debug|x86.ActiveCfg = Debug|Win32
		{40FF1F53-80A9-4A7D-A7F1-AD493248A1F9}.Debug|x86.Build.0 = Debug|Win32
		{40FF1F53-80A9-4A7D-A7F1-AD493248A1F9}.Release|Any CPU.ActiveCfg = Release|Win32
		{40FF1F53-80A9-4A7D-A7F1-AD493248A1F9}.Release|x64.ActiveCfg = Release|x64
		{40FF1F53-80A9-4A7D-A7F1-AD493248A1F9}.Release|x64.Build.0 = Release|x64
		{40FF1F53-80A9-4A7D-A7F1-AD493248A1F9}.Release|x86.ActiveCfg = Release|Win32
		{40FF1F53-80A9-4A7D-A7F1-AD493248A1F9}.Release|x86.Build.0 = Release|Win32
		{38056AC7-865C-4742-8EA4-28032284DC24}.Debug|Any CPU.ActiveCfg = Debug|Win32
		{38056AC7-865C-4742-8EA4-28032284DC24}.Debug|x64.ActiveCfg = Debug|x64
		{38056AC7-865C-4742-8EA4-28032284DC24}.Debug|x64.Build.0 = Debug|x64
		{38056AC7-865C-4742-8EA4-28032284DC24}.Debug|x86.ActiveCfg = Debug|Win32
		{38056AC7-865C-4742-8EA4-28032284DC24}.Debug|x86.Build.0 = Debug|Win32
		{38056AC7-865C-4742-8EA4-28032284DC24}.Release|Any CPU.ActiveCfg = Release|Win32
		{38056AC7-865C-4742-8EA4-28032284DC24}.Release|x64.ActiveCfg = Release|x64
		{38056AC7-865C-4742-8EA4-28032284DC24}.Release|x64.Build.0 = Release|x64
		{38056AC7-865C-4742-8EA4-28032284DC24}.Release|x86.ActiveCfg = Release|Win32
		{38056AC7-865C-4742-8EA4-28032284DC24}.Release|x86.Build.0 = Release|Win32
		{B07C3B7D-26FA-4CC8-B19F-5AEBE57A877D}.Debug|Any CPU.ActiveCfg = Debug|Win32
		{B07C3B7D-26FA-4CC8-B19F-5AEBE57A877D}.Debug|x64.ActiveCfg = Debug|x64
		{B07C3B7D-26FA-4CC8-B19F-5AEBE57A877D}.Debug|x64.Build.0 = Debug|x64
		{B07C3B7D-26FA-4CC8-B19F-5AEBE57A877D}.Debug|x86.ActiveCfg = Debug|Win32
		{B07C3B7D-26FA-4CC8-B19F-5AEBE57A877D}.Debug|x86.Build.0 = Debug|Win32
		{B07C3B7D-26FA-4CC8-B19F-5AEBE57A877D}.Release|Any CPU.ActiveCfg = Release|Win32
		{B07C3B7D-26FA-4CC8-B19F-5AEBE57A877D}.Release|x64.ActiveCfg = Release|x64
		{B07C3B7D-26FA-4CC8-B19F-5AEBE57A877D}.Release|x64.Build.0 = Release|x64
		{B07C3B7D-26FA-4CC8-B19F-5AEBE57A877D}.Release|x86.ActiveCfg = Release|Win32
		{B07C3B7D-26FA-4CC8-B19F-5AEBE57A877D}.Release|x86.Build.0 = Release|Win32
		{AAD86D9B-1C98-4FB5-A56C-AE1A5A4E3C17}.Debug|Any CPU.ActiveCfg = Debug|Win32
		{AAD86D9B-1C98-4FB5-A56C-AE1A5A4E3C17}.Debug|x64.ActiveCfg = Debug|x64
		{AAD86D9B-1C98-4FB5-A56C-AE1A5A4E3C17}.Debug|x64.Build.0 = Debug|x64
		{AAD86D9B-1C98-4FB5-A56C-AE1A5A4E3C17}.Debug|x86.ActiveCfg = Debug|Win32
		{AAD86D9B-1C98-4FB5-A56C-AE1A5A4E3C17}.Debug|x86.Build.0 = Debug|Win32
		{AAD86D9B-1C98-4FB5-A56C-AE1A5A4E3C17}.Release|Any CPU.ActiveCfg = Release|Win32
		{AAD86D9B-1C98-4FB5-A56C-AE1A5A4E3C17}.Release|x64.ActiveCfg = Release|x64
		{AAD86D9B-1C98-4FB5-A56C-AE1A5A4E3C17}.Release|x64.Build.0 = Release|x64
		{AAD86D9B-1C98-4FB5-A56C-AE1A5A4E3C17}.Release|x86.ActiveCfg = Release|Win32
		{AAD86D9B-1C98-4FB5-A56C-AE1A5A4E3C17}.Release|x86.Build.0 = Release|Win32
		{D84991C9-B5B4-4226-AE92-5F0A9BD4AD24}.Debug|Any CPU.ActiveCfg = Debug|Win32
		{D84991C9-B5B4-4226-AE92-5F0A9BD4AD24}.Debug|x64.ActiveCfg = Debug|x64
		{D84991C9-B5B4-4226-AE92-5F0A9BD4AD24}.Debug|x64.Build.0 = Debug|x64
		{D84991C9-B5B4-4226-AE92-5F0A9BD4AD24}.Debug|x86.ActiveCfg = Debug|Win32
		{D84991C9-B5B4-4226-AE92-5F0A9BD4AD24}.Debug|x86.Build.0 = Debug|Win32
		{D84991C9-B5B4-4226-AE92-5F0A9BD4AD24}.Release|Any CPU.ActiveCfg = Release|Win32
		{D84991C9-B5B4-4226-AE92-5F0A9BD4AD24}.Release|x64.ActiveCfg = Release|x64
		{D84991C9-B5B4-4226-AE92-5F0A9BD4AD24}.Release|x64.Build.0 = Release|x64
		{D84991C9-B5B4-4226-AE92-5F0A9BD4AD24}.Release|x86.ActiveCfg = Release|Win32
		{D84991C9-B5B4-4226-AE92-5F0A9BD4AD24}.Release|x86.Build.0 = Release|Win32
		{FC251D65-353A-4B21-B30B-8A5A8D0631AE}.Debug|Any CPU.ActiveCfg = Debug|Win32
		{FC251D65-353A-4B21-B30B-8A5A8D0631AE}.Debug|x64.ActiveCfg = Debug|x64
		{FC251D65-353A-4B21-B30B-8A5A8D0631AE}.Debug|x64.Build.0 = Debug|x64
		{FC251D65-353A-4B21-B30B-8A5A8D0631AE}.Debug|x86.ActiveCfg = Debug|Win32
		{FC251D65-353A-4B21-B30B-8A5A8D0631AE}.Debug|x86.Build.0 = Debug|Win32
		{FC251D65-353A-4B21-B30B-8A5A8D0631AE}.Release|Any CPU.ActiveCfg = Release|Win32
		{FC251D65-353A-4B21-B30B-8A5A8D0631AE}.Release|x64.ActiveCfg = Release|x64
		{FC251D65-353A-4B21-B30B-8A5A8D0631AE}.Release|x64.Build.0 = Release|x64
		{FC251D65-353A-4B21-B30B-8A5A8D0631AE}.Release|x86.ActiveCfg = Release|Win32
		{FC251D65-353A-4B21-B30B-8A5A8D0631AE}.Release|x86.Build.0 = Release|Win32
		{EA9038B5-C16B-4653-9189-6E8F2131C543}.Debug|Any CPU.ActiveCfg = Debug|Win32
		{EA9038B5-C16B-4653-9189-6E8F2131C543}.Debug|x64.ActiveCfg = Debug|x64
		{EA9038B5-C16B-4653-9189-6E8F2131C543}.Debug|x64.Build.0 = Debug|x64
		{EA9038B5-C16B-4653-9189-6E8F2131C543}.Debug|x86.ActiveCfg = Debug|Win32
		{EA9038B5-C16B-4653-9189-6E8F2131C543}.Debug|x86.Build.0 = Debug|Win32
		{EA9038B5-C16B-4653-9189-6E8F2131C543}.Release|Any CPU.ActiveCfg = Release|Win32
		{EA9038B5-C16B-4653-9189-6E8F2131C543}.Release|x64.ActiveCfg = Release|x64
		{EA9038B5-C16B-4653-9189-6E8F2131C543}.Release|x64.Build.0 = Release|x64
		{EA9038B5-C16B-4653-9189-6E8F2131C543}.Release|x86.ActiveCfg = Release|Win32
		{EA9038B5-C16B-4653-9189-6E8F2131C543}.Release|x86.Build.0 = Release|Win32
		{0276B386-8F6B-4A17-AB26-96BB6CD0749A}.Debug|Any CPU.ActiveCfg = Debug|Win32
		{0276B386-8F6B-4A17-AB26-96BB6CD0749A}.Debug|x64.ActiveCfg = Debug|x64
		{0276B386-8F6B-4A17-AB26-96BB6CD0749A}.Debug|x64.Build.0 = Debug|x64
		{0276B386-8F6B-4A17-AB26-96BB6CD0749A}.Debug|x86.ActiveCfg = Debug|Win32
		{0276B386-8F6B-4A17-AB26-96BB6CD0749A}.Debug|x86.Build.0 = Debug|Win32
		{0276B386-8F6B-4A17-AB26-96BB6CD0749A}.Release|Any CPU.ActiveCfg = Release|Win32
		{0276B386-8F6B-4A17-AB26-96BB6CD0749A}.Release|x64.ActiveCfg = Release|x64
		{0276B386-8F6B-4A17-AB26-96BB6CD0749A}.Release|x64.Build.0 = Release|x64
		{0276B386-8F6B-4A17-AB26-96BB6CD0749A}.Release|x86.ActiveCfg = Release|Win32
		{0276B386-8F6B-4A17-AB26-96BB6CD0749A}.Release|x86.Build.0 = Release|Win32
		{B1F8DC15-46F6-4C9B-A9D1-6866EC738B6B}.Debug|Any CPU.ActiveCfg = Debug|Win32
		{B1F8DC15-46F6-4C9B-A9D1-6866EC738B6B}.Debug|x64.ActiveCfg = Debug|x64
		{B1F8DC15-46F6-4C9B-A9D1-6866EC738B6B}.Debug|x64.Build.0 = Debug|x64
		{B1F8DC15-46F6-4C9B-A9D1-6866EC738B6B}.Debug|x86.ActiveCfg = Debug|Win32
		{B1F8DC15-46F6-4C9B-A9D1-6866EC738B6B}.Debug|x86.Build.0 = Debug|Win32
		{B1F8DC15-46F6-4C9B-A9D1-6866EC738B6B}.Release|Any CPU.ActiveCfg = Release|Win32
		{B1F8DC15-46F6-4C9B-A9D1-6866EC738B6B}.Release|x64.ActiveCfg = Release|x64
		{B1F8DC15-46F6-4C9B-A9D1-6866EC738B6B}.Release|x64.Build.0 = Release|x64
		{B1F8DC15-46F6-4C9B-A9D1-6866EC738B6B}.Release|x86.ActiveCfg = Release|Win32
		{B1F8DC15-46F6-4C9B-A9D1-6866EC738B6B}.Release|x86.Build.0 = Release|Win32
		{A436AD09-D2F5-4FC5-B111-40EB0657EEB4}.Debug|Any CPU.ActiveCfg = Debug|Win32
		{A436AD09-D2F5-4FC5-B111-40EB0657EEB4}.Debug|x64.ActiveCfg = Debug|x64
		{A436AD09-D2F5-4FC5-B111-40EB0657EEB4}.Debug|x64.Build.0 = Debug|x64
		{A436AD09-D2F5-4FC5-B111-40EB0657EEB4}.Debug|x86.ActiveCfg = Debug|Win32
		{A436AD09-D2F5-4FC5-B111-40EB0657EEB4}.Debug|x86.Build.0 = Debug|Win32
		{A436AD09-D2F5-4FC5-B111-40EB0657EEB4}.Release|Any CPU.ActiveCfg = Release|Win32
		{A436AD09-D2F5-4FC5-B111-40EB0657EEB4}.Release|x64.ActiveCfg = Release|x64
		{A436AD09-D2F5-4FC5-B111-40EB0657EEB4}.Release|x64.Build.0 = Release|x64
		{A436AD09-D2F5-4FC5-B111-40EB0657EEB4}.Release|x86.ActiveCfg = Release|Win32
		{A436AD09-D2F5-4FC5-B111-40EB0657EEB4}.Release|x86.Build.0 = Release|Win32
		{4BF2C271-AD0C-4AA4-8F41-ADCA3CA27F6E}.Debug|Any CPU.ActiveCfg = Debug|Win32
		{4BF2C271-AD0C-4AA4-8F41-ADCA3CA27F6E}.Debug|x64.ActiveCfg = Debug|x64
		{4BF2C271-AD0C-4AA4-8F41-ADCA3CA27F6E}.Debug|x64.Build.0 = Debug|x64
		{4BF2C271-AD0C-4AA4-8F41-ADCA3CA27F6E}.Debug|x86.ActiveCfg = Debug|Win32
		{4BF2C271-AD0C-4AA4-8F41-ADCA3CA27F6E}.Debug|x86.Build.0 = Debug|Win32
		{4BF2C271-AD0C-4AA4-8F41-ADCA3CA27F6E}.Release|Any CPU.ActiveCfg = Release|Win32
		{4BF2C271-AD0C-4AA4-8F41-ADCA3CA27F6E}.Release|x64.ActiveCfg = Release|x64
		{4BF2C271-AD0C-4AA4-8F41-ADCA3CA27F6E}.Release|x64.Build.0 = Release|x64
		{4BF2C271-AD0C-4AA4-8F41-ADCA3CA27F6E}.Release|x86.ActiveCfg = Release|Win32
		{4BF2C271-AD0C-4AA4-8F41-ADCA3CA27F6E}.Release|x86.Build.0 = Release|Win32
		{BC39E4D9-DA15-458A-ACD3-082B740C77FF}.Debug|Any CPU.ActiveCfg = Debug|Win32
		{BC39E4D9-DA15-458A-ACD3-082B740C77FF}.Debug|x64.ActiveCfg = Debug|x64
		{BC39E4D9-DA15-458A-ACD3-082B740C77FF}.Debug|x64.Build.0 = Debug|x64
		{BC39E4D9-DA15-458A-ACD3-082B740C77FF}.Debug|x86.ActiveCfg = Debug|Win32
		{BC39E4D9-DA15-458A-ACD3-082B740C77FF}.Debug|x86.Build.0 = Debug|Win32
		{BC39E4D9-DA15-458A-ACD3-082B740C77FF}.Release|Any CPU.ActiveCfg = Release|Win32
		{BC39E4D9-DA15-458A-ACD3-082B740C77FF}.Release|x64.ActiveCfg = Release|x64
		{BC39E4D9-DA15-458A-ACD3-082B740C77FF}.Release|x64.Build.0 = Release|x64
		{BC39E4D9-DA15-458A-ACD3-082B740C77FF}.Release|x86.ActiveCfg = Release|Win32
		{BC39E4D9-DA15-458A-ACD3-082B740C77FF}.Release|x86.Build.0 = Release|Win32
		{83BBA6F3-7C28-4562-8D00-D2A8CFF7E66D}.Debug|Any CPU.ActiveCfg = Debug|Win32
		{83BBA6F3-7C28-4562-8D00-D2A8CFF7E66D}.Debug|x64.ActiveCfg = Debug|x64
		{83BBA6F3-7C28-4562-8D00-D2A8CFF7E66D}.Debug|x64.Build.0 = Debug|x64
		{83BBA6F3-7C28-4562-8D00-D2A8CFF7E66D}.Debug|x86.ActiveCfg = Debug|Win32
		{83BBA6F3-7C28-4562-8D00-D2A8CFF7E66D}.Debug|x86.Build.0 = Debug|Win32
		{83BBA6F3-7C28-4562-8D00-D2A8CFF7E66D}.Release|Any CPU.ActiveCfg = Release|Win32
		{83BBA6F3-7C28-4562-8D00-D2A8CFF7E66D}.Release|x64.ActiveCfg = Release|x64
		{83BBA6F3-7C28-4562-8D00-D2A8CFF7E66D}.Release|x64.Build.0 = Release|x64
		{83BBA6F3-7C28-4562-8D00-D2A8CFF7E66D}.Release|x86.ActiveCfg = Release|Win32
		{83BBA6F3-7C28-4562-8D00-D2A8CFF7E66D}.Release|x86.Build.0 = Release|Win32
		{C41D6116-7E78-4C2A-86C9-7381BCEB2935}.Debug|Any CPU.ActiveCfg = Debug|Win32
		{C41D6116-7E78-4C2A-86C9-7381BCEB2935}.Debug|x64.ActiveCfg = Debug|x64
		{C41D6116-7E78-4C2A-86C9-7381BCEB2935}.Debug|x64.Build.0 = Debug|x64
		{C41D6116-7E78-4C2A-86C9-7381BCEB2935}.Debug|x86.ActiveCfg = Debug|Win32
		{C41D6116-7E78-4C2A-86C9-7381BCEB2935}.Debug|x86.Build.0 = Debug|Win32
		{C41D6116-7E78-4C2A-86C9-7381BCEB2935}.Release|Any CPU.ActiveCfg = Release|Win32
		{C41D6116-7E78-4C2A-86C9-7381BCEB2935}.Release|x64.ActiveCfg = Release|x64
		{C41D6116-7E78-4C2A-86C9-7381BCEB2935}.Release|x64.Build.0 = Release|x64
		{C41D6116-7E78-4C2A-86C9-7381BCEB2935}.Release|x86.ActiveCfg = Release|Win32
		{C41D6116-7E78-4C2A-86C9-7381BCEB2935}.Release|x86.Build.0 = Release|Win32
		{81B40798-95BB-4551-8D90-4E75D3C74ED1}.Debug|Any CPU.ActiveCfg = Debug|Win32
		{81B40798-95BB-4551-8D90-4E75D3C74ED1}.Debug|x64.ActiveCfg = Debug|x64
		{81B40798-95BB-4551-8D90-4E75D3C74ED1}.Debug|x64.Build.0 = Debug|x64
		{81B40798-95BB-4551-8D90-4E75D3C74ED1}.Debug|x86.ActiveCfg = Debug|Win32
		{81B40798-95BB-4551-8D90-4E75D3C74ED1}.Debug|x86.Build.0 = Debug|Win32
		{81B40798-95BB-4551-8D90-4E75D3C74ED1}.Release|Any CPU.ActiveCfg = Release|Win32
		{81B40798-95BB-4551-8D90-4E75D3C74ED1}.Release|x64.ActiveCfg = Release|x64
		{81B40798-95BB-4551-8D90-4E75D3C74ED1}.Release|x64.Build.0 = Release|x64
		{81B40798-95BB-4551-8D90-4E75D3C74ED1}.Release|x86.ActiveCfg = Release|Win32
		{81B40798-95BB-4551-8D90-4E75D3C74ED1}.Release|x86.Build.0 = Release|Win32
		{3FBFE3C3-8A87-4BEA-860F-E7D7FA0E7056}.Debug|Any CPU.ActiveCfg = Debug|Win32
		{3FBFE3C3-8A87-4BEA-860F-E7D7FA0E7056}.Debug|x64.ActiveCfg = Debug|x64
		{3FBFE3C3-8A87-4BEA-860F-E7D7FA0E7056}.Debug|x64.Build.0 = Debug|x64
		{3FBFE3C3-8A87-4BEA-860F-E7D7FA0E7056}.Debug|x86.ActiveCfg = Debug|Win32
		{3FBFE3C3-8A87-4BEA-860F-E7D7FA0E7056}.Debug|x86.Build.0 = Debug|Win32
		{3FBFE3C3-8A87-4BEA-860F-E7D7FA0E7056}.Release|Any CPU.ActiveCfg = Release|Win32
		{3FBFE3C3-8A87-4BEA-860F-E7D7FA0E7056}.Release|x64.ActiveCfg = Release|x64
		{3FBFE3C3-8A87-4BEA-860F-E7D7FA0E7056}.Release|x64.Build.0 = Release|x64
		{3FBFE3C3-8A87-4BEA-860F-E7D7FA0E7056}.Release|x86.ActiveCfg = Release|Win32
		{3FBFE3C3-8A87-4BEA-860F-E7D7FA0E7056}.Release|x86.Build.0 = Release|Win32
		{03239B4E-F50B-46D8-A381-9F28A5BB112B}.Debug|Any CPU.ActiveCfg = Debug|Win32
		{03239B4E-F50B-46D8-A381-9F28A5BB112B}.Debug|x64.ActiveCfg = Debug|x64
		{03239B4E-F50B-46D8-A381-9F28A5BB112B}.Debug|x64.Build.0 = Debug|x64
		{03239B4E-F50B-46D8-A381-9F28A5BB112B}.Debug|x86.ActiveCfg = Debug|Win32
		{03239B4E-F50B-46D8-A381-9F28A5BB112B}.Debug|x86.Build.0 = Debug|Win32
		{03239B4E-F50B-46D8-A381-9F28A5BB112B}.Release|Any CPU.ActiveCfg = Release|Win32
		{03239B4E-F50B-46D8-A381-9F28A5BB112B}.Release|x64.ActiveCfg = Release|x64
		{03239B4E-F50B-46D8-A381-9F28A5BB112B}.Release|x64.Build.0 = Release|x64
		{03239B4E-F50B-46D8-A381-9F28A5BB112B}.Release|x86.ActiveCfg = Release|Win32
		{03239B4E-F50B-46D8-A381-9F28A5BB112B}.Release|x86.Build.0 = Release|Win32
		{4C16A69F-EFB6-4B40-977F-CDCE9173D788}.Debug|Any CPU.ActiveCfg = Debug|Win32
		{4C16A69F-EFB6-4B40-977F-CDCE9173D788}.Debug|x64.ActiveCfg = Debug|x64
		{4C16A69F-EFB6-4B40-977F-CDCE9173D788}.Debug|x64.Build.0 = Debug|x64
		{4C16A69F-EFB6-4B40-977F-CDCE9173D788}.Debug|x86.ActiveCfg = Debug|Win32
		{4C16A69F-EFB6-4B40-977F-CDCE9173D788}.Debug|x86.Build.0 = Debug|Win32
		{4C16A69F-EFB6-4B40-977F-CDCE9173D788}.Release|Any CPU.ActiveCfg = Release|Win32
		{4C16A69F-EFB6-4B40-977F-CDCE9173D788}.Release|x64.ActiveCfg = Release|x64
		{4C16A69F-EFB6-4B40-977F-CDCE9173D788}.Release|x64.Build.0 = Release|x64
		{4C16A69F-EFB6-4B40-977F-CDCE9173D788}.Release|x86.ActiveCfg = Release|Win32
		{4C16A69F-EFB6-4B40-977F-CDCE9173D788}.Release|x86.Build.0 = Release|Win32
		{2F34A89C-85C4-4C9E-A11C-DD1971D8F043}.Debug|Any CPU.ActiveCfg = Debug|Win32
		{2F34A89C-85C4-4C9E-A11C-DD1971D8F043}.Debug|x64.ActiveCfg = Debug|x64
		{2F34A89C-85C4-4C9E-A11C-DD1971D8F043}.Debug|x64.Build.0 = Debug|x64
		{2F34A89C-85C4-4C9E-A11C-DD1971D8F043}.Debug|x86.ActiveCfg = Debug|Win32
		{2F34A89C-85C4-4C9E-A11C-DD1971D8F043}.Debug|x86.Build.0 = Debug|Win32
		{2F34A89C-85C4-4C9E-A11C-DD1971D8F043}.Release|Any CPU.ActiveCfg = Release|Win32
		{2F34A89C-85C4-4C9E-A11C-DD1971D8F043}.Release|x64.ActiveCfg = Release|x64
		{2F34A89C-85C4-4C9E-A11C-DD1971D8F043}.Release|x64.Build.0 = Release|x64
		{2F34A89C-85C4-4C9E-A11C-DD1971D8F043}.Release|x86.ActiveCfg = Release|Win32
		{2F34A89C-85C4-4C9E-A11C-DD1971D8F043}.Release|x86.Build.0 = Release|Win32
	EndGlobalSection
	GlobalSection(SolutionProperties) = preSolution
		HideSolutionNode = FALSE
	EndGlobalSection
	GlobalSection(ExtensibilityGlobals) = postSolution
		SolutionGuid = {A6F131B4-2CA4-4F86-AD52-060C77748B9D}
	EndGlobalSection
EndGlobal
