
Microsoft Visual Studio Solution File, Format Version 12.00
# Visual Studio 15
VisualStudioVersion = 15.0.27004.2002
MinimumVisualStudioVersion = 10.0.40219.1
Project("{8BC9CEB8-8B4A-11D0-8D11-00A0C91BC942}") = "Zad1", "ConsoleApplication1\ConsoleApplication1.vcxproj", "{B2296EC8-7CCA-4F84-A57B-D9D1BF8639A8}"
EndProject
Project("{8BC9CEB8-8B4A-11D0-8D11-00A0C91BC942}") = "Zad2", "Zad2.c\Zad2.c.vcxproj", "{46B330AA-A00A-44A2-AC61-0056E0281C0D}"
EndProject
Project("{8BC9CEB8-8B4A-11D0-8D11-00A0C91BC942}") = "Zad3", "Zad3\Zad3.vcxproj", "{4EE74E9C-BA6C-42A4-8F03-9F92F9ED4620}"
EndProject
Project("{8BC9CEB8-8B4A-11D0-8D11-00A0C91BC942}") = "Zad4", "Zad4\Zad4.vcxproj", "{8F9914F5-3C0D-4187-BFDE-C2E36DB80659}"
EndProject
Project("{8BC9CEB8-8B4A-11D0-8D11-00A0C91BC942}") = "NZad5-6", "Zad5\Zad5.vcxproj", "{148B8DE3-0179-4A65-8260-012FA4E03452}"
EndProject
Project("{8BC9CEB8-8B4A-11D0-8D11-00A0C91BC942}") = "Zad7", "Zad7\Zad7.vcxproj", "{6CE42471-AFD7-413B-A760-3F5C27815B12}"
EndProject
Global
	GlobalSection(SolutionConfigurationPlatforms) = preSolution
		Debug|x64 = Debug|x64
		Debug|x86 = Debug|x86
		Release|x64 = Release|x64
		Release|x86 = Release|x86
	EndGlobalSection
	GlobalSection(ProjectConfigurationPlatforms) = postSolution
		{B2296EC8-7CCA-4F84-A57B-D9D1BF8639A8}.Debug|x64.ActiveCfg = Debug|x64
		{B2296EC8-7CCA-4F84-A57B-D9D1BF8639A8}.Debug|x64.Build.0 = Debug|x64
		{B2296EC8-7CCA-4F84-A57B-D9D1BF8639A8}.Debug|x86.ActiveCfg = Debug|Win32
		{B2296EC8-7CCA-4F84-A57B-D9D1BF8639A8}.Debug|x86.Build.0 = Debug|Win32
		{B2296EC8-7CCA-4F84-A57B-D9D1BF8639A8}.Release|x64.ActiveCfg = Release|x64
		{B2296EC8-7CCA-4F84-A57B-D9D1BF8639A8}.Release|x64.Build.0 = Release|x64
		{B2296EC8-7CCA-4F84-A57B-D9D1BF8639A8}.Release|x86.ActiveCfg = Release|Win32
		{B2296EC8-7CCA-4F84-A57B-D9D1BF8639A8}.Release|x86.Build.0 = Release|Win32
		{46B330AA-A00A-44A2-AC61-0056E0281C0D}.Debug|x64.ActiveCfg = Debug|x64
		{46B330AA-A00A-44A2-AC61-0056E0281C0D}.Debug|x64.Build.0 = Debug|x64
		{46B330AA-A00A-44A2-AC61-0056E0281C0D}.Debug|x86.ActiveCfg = Debug|Win32
		{46B330AA-A00A-44A2-AC61-0056E0281C0D}.Debug|x86.Build.0 = Debug|Win32
		{46B330AA-A00A-44A2-AC61-0056E0281C0D}.Release|x64.ActiveCfg = Release|x64
		{46B330AA-A00A-44A2-AC61-0056E0281C0D}.Release|x64.Build.0 = Release|x64
		{46B330AA-A00A-44A2-AC61-0056E0281C0D}.Release|x86.ActiveCfg = Release|Win32
		{46B330AA-A00A-44A2-AC61-0056E0281C0D}.Release|x86.Build.0 = Release|Win32
		{4EE74E9C-BA6C-42A4-8F03-9F92F9ED4620}.Debug|x64.ActiveCfg = Debug|x64
		{4EE74E9C-BA6C-42A4-8F03-9F92F9ED4620}.Debug|x64.Build.0 = Debug|x64
		{4EE74E9C-BA6C-42A4-8F03-9F92F9ED4620}.Debug|x86.ActiveCfg = Debug|Win32
		{4EE74E9C-BA6C-42A4-8F03-9F92F9ED4620}.Debug|x86.Build.0 = Debug|Win32
		{4EE74E9C-BA6C-42A4-8F03-9F92F9ED4620}.Release|x64.ActiveCfg = Release|x64
		{4EE74E9C-BA6C-42A4-8F03-9F92F9ED4620}.Release|x64.Build.0 = Release|x64
		{4EE74E9C-BA6C-42A4-8F03-9F92F9ED4620}.Release|x86.ActiveCfg = Release|Win32
		{4EE74E9C-BA6C-42A4-8F03-9F92F9ED4620}.Release|x86.Build.0 = Release|Win32
		{8F9914F5-3C0D-4187-BFDE-C2E36DB80659}.Debug|x64.ActiveCfg = Debug|x64
		{8F9914F5-3C0D-4187-BFDE-C2E36DB80659}.Debug|x64.Build.0 = Debug|x64
		{8F9914F5-3C0D-4187-BFDE-C2E36DB80659}.Debug|x86.ActiveCfg = Debug|Win32
		{8F9914F5-3C0D-4187-BFDE-C2E36DB80659}.Debug|x86.Build.0 = Debug|Win32
		{8F9914F5-3C0D-4187-BFDE-C2E36DB80659}.Release|x64.ActiveCfg = Release|x64
		{8F9914F5-3C0D-4187-BFDE-C2E36DB80659}.Release|x64.Build.0 = Release|x64
		{8F9914F5-3C0D-4187-BFDE-C2E36DB80659}.Release|x86.ActiveCfg = Release|Win32
		{8F9914F5-3C0D-4187-BFDE-C2E36DB80659}.Release|x86.Build.0 = Release|Win32
		{148B8DE3-0179-4A65-8260-012FA4E03452}.Debug|x64.ActiveCfg = Debug|x64
		{148B8DE3-0179-4A65-8260-012FA4E03452}.Debug|x64.Build.0 = Debug|x64
		{148B8DE3-0179-4A65-8260-012FA4E03452}.Debug|x86.ActiveCfg = Debug|Win32
		{148B8DE3-0179-4A65-8260-012FA4E03452}.Debug|x86.Build.0 = Debug|Win32
		{148B8DE3-0179-4A65-8260-012FA4E03452}.Release|x64.ActiveCfg = Release|x64
		{148B8DE3-0179-4A65-8260-012FA4E03452}.Release|x64.Build.0 = Release|x64
		{148B8DE3-0179-4A65-8260-012FA4E03452}.Release|x86.ActiveCfg = Release|Win32
		{148B8DE3-0179-4A65-8260-012FA4E03452}.Release|x86.Build.0 = Release|Win32
		{6CE42471-AFD7-413B-A760-3F5C27815B12}.Debug|x64.ActiveCfg = Debug|x64
		{6CE42471-AFD7-413B-A760-3F5C27815B12}.Debug|x64.Build.0 = Debug|x64
		{6CE42471-AFD7-413B-A760-3F5C27815B12}.Debug|x86.ActiveCfg = Debug|Win32
		{6CE42471-AFD7-413B-A760-3F5C27815B12}.Debug|x86.Build.0 = Debug|Win32
		{6CE42471-AFD7-413B-A760-3F5C27815B12}.Release|x64.ActiveCfg = Release|x64
		{6CE42471-AFD7-413B-A760-3F5C27815B12}.Release|x64.Build.0 = Release|x64
		{6CE42471-AFD7-413B-A760-3F5C27815B12}.Release|x86.ActiveCfg = Release|Win32
		{6CE42471-AFD7-413B-A760-3F5C27815B12}.Release|x86.Build.0 = Release|Win32
	EndGlobalSection
	GlobalSection(SolutionProperties) = preSolution
		HideSolutionNode = FALSE
	EndGlobalSection
	GlobalSection(ExtensibilityGlobals) = postSolution
		SolutionGuid = {A6F131B4-2CA4-4F86-AD52-060C77748B9D}
	EndGlobalSection
EndGlobal
